{
  "name": "mapbox-print-pdf",
  "version": "0.2.2",
  "lockfileVersion": 1,
  "requires": true,
  "dependencies": {
    "adler32cs": {
      "version": "0.0.1",
      "resolved": "https://registry.npmjs.org/adler32cs/-/adler32cs-0.0.1.tgz",
      "integrity": "sha1-ninNgIdWTXBVIJztEgaljSLneOs="
    },
    "base64-arraybuffer": {
      "version": "0.1.5",
      "resolved": "https://registry.npmjs.org/base64-arraybuffer/-/base64-arraybuffer-0.1.5.tgz",
      "integrity": "sha1-c5JncZI7Whl0etZmqlzUv5xunOg="
    },
    "cf-blob.js": {
      "version": "0.0.1",
      "resolved": "https://registry.npmjs.org/cf-blob.js/-/cf-blob.js-0.0.1.tgz",
      "integrity": "sha1-9at+EueYyvCMz4KMaaug8GPYP5k="
    },
    "css-line-break": {
      "version": "1.0.1",
      "resolved": "https://registry.npmjs.org/css-line-break/-/css-line-break-1.0.1.tgz",
      "integrity": "sha1-GfIGOjPpX7KDG4ZEbAuAwYivRQo=",
      "requires": {
        "base64-arraybuffer": "0.1.5"
      }
    },
    "file-saver": {
      "version": "1.3.3",
      "resolved": "https://registry.npmjs.org/file-saver/-/file-saver-1.3.3.tgz",
      "integrity": "sha1-zdTETTqiZOrC9o7BZbx5HDSvEjI="
    },
    "html2canvas": {
      "version": "1.0.0-alpha.10",
      "resolved": "https://registry.npmjs.org/html2canvas/-/html2canvas-1.0.0-alpha.10.tgz",
      "integrity": "sha1-CLPQv59pDl4A5srDxf6wg6apSIw=",
      "requires": {
        "css-line-break": "1.0.1"
      }
    },
    "jspdf": {
      "version": "1.3.5",
      "resolved": "https://registry.npmjs.org/jspdf/-/jspdf-1.3.5.tgz",
      "integrity": "sha512-g5xVq2XzDNcKyP67j1QPXpDjHeUz56vHD6Kg/bKR7SCX2/p1BusU4txV9hvY2EkmX1JqfQ9d96890/4u85kWaw==",
      "requires": {
        "adler32cs": "0.0.1",
        "cf-blob.js": "0.0.1",
        "file-saver": "1.3.3"
      }
    }
  }
}
