{
  "name": "mapbox-print-pdf",
  "version": "0.1.0",
  "lockfileVersion": 1,
  "requires": true,
  "dependencies": {
    "adler32cs": {
      "version": "0.0.1",
      "resolved": "https://registry.npmjs.org/adler32cs/-/adler32cs-0.0.1.tgz",
      "integrity": "sha1-ninNgIdWTXBVIJztEgaljSLneOs="
    },
    "cf-blob.js": {
      "version": "0.0.1",
      "resolved": "https://registry.npmjs.org/cf-blob.js/-/cf-blob.js-0.0.1.tgz",
      "integrity": "sha1-9at+EueYyvCMz4KMaaug8GPYP5k="
    },
    "es6-promise": {
      "version": "4.2.4",
      "resolved": "https://registry.npmjs.org/es6-promise/-/es6-promise-4.2.4.tgz",
      "integrity": "sha512-/NdNZVJg+uZgtm9eS3O6lrOLYmQag2DjdEXuPaHlZ6RuVqgqaVZfgYCepEIKsLqwdQArOPtC3XzRLqGGfT8KQQ=="
    },
    "file-saver": {
      "version": "1.3.3",
      "resolved": "https://registry.npmjs.org/file-saver/-/file-saver-1.3.3.tgz",
      "integrity": "sha1-zdTETTqiZOrC9o7BZbx5HDSvEjI="
    },
    "html2canvas": {
      "version": "https://github.com/eKoopmans/html2canvas/tarball/develop",
      "integrity": "sha512-BQtrsS9xXb+q7GoVer0cFBP5MarPynj3OZoGzm1WmDvNQW3q+v6EpJPW7rn0sWVIb27HaMnsylMJbmuLdSeBww=="
    },
    "html2pdf.js": {
      "version": "github:eKoopmans/html2pdf#df220ced0048643de0583047d2a84267c3224754",
      "requires": {
        "es6-promise": "4.2.4",
        "html2canvas": "https://github.com/eKoopmans/html2canvas/tarball/develop",
        "jspdf": "1.3.5"
      }
    },
    "jspdf": {
      "version": "1.3.5",
      "resolved": "https://registry.npmjs.org/jspdf/-/jspdf-1.3.5.tgz",
      "integrity": "sha512-g5xVq2XzDNcKyP67j1QPXpDjHeUz56vHD6Kg/bKR7SCX2/p1BusU4txV9hvY2EkmX1JqfQ9d96890/4u85kWaw==",
      "requires": {
        "adler32cs": "0.0.1",
        "cf-blob.js": "0.0.1",
        "file-saver": "1.3.3"
      }
    }
  }
}
